
Microsoft Visual Studio Solution File, Format Version 12.00
# Visual Studio Version 17
VisualStudioVersion = 17.0.31903.59
MinimumVisualStudioVersion = 10.0.40219.1
Project("{2150E333-8FDC-42A3-9474-1A3956D46DE8}") = "src", "src", "{827E0CD3-B72D-47B6-A68D-7590B98EB39B}"
EndProject
Project("{FAE04EC0-301F-11D3-BF4B-00C04F79EFBC}") = "OrderFlow.Domain", "src\OrderFlow.Domain\OrderFlow.Domain.csproj", "{4C5A4347-9635-46DE-90C6-26D09B78C0F4}"
EndProject
Project("{FAE04EC0-301F-11D3-BF4B-00C04F79EFBC}") = "OrderFlow.Application", "src\OrderFlow.Application\OrderFlow.Application.csproj", "{FC526371-7F19-4277-8768-52F2D4767119}"
EndProject
Project("{FAE04EC0-301F-11D3-BF4B-00C04F79EFBC}") = "OrderFlow.Infrastructure", "src\OrderFlow.Infrastructure\OrderFlow.Infrastructure.csproj", "{60D8F2AC-7994-4AA0-B537-AA1860C93E6E}"
EndProject
Project("{FAE04EC0-301F-11D3-BF4B-00C04F79EFBC}") = "OrderFlow.API", "src\OrderFlow.API\OrderFlow.API.csproj", "{58ADA260-04E0-400E-B92E-FB3B62108990}"
EndProject
Project("{2150E333-8FDC-42A3-9474-1A3956D46DE8}") = "tests", "tests", "{0AB3BF05-4346-4AA6-1389-037BE0695223}"
EndProject
Project("{FAE04EC0-301F-11D3-BF4B-00C04F79EFBC}") = "OrderFlow.UnitTests", "tests\OrderFlow.UnitTests\OrderFlow.UnitTests.csproj", "{45FD66AD-A455-4766-BAC4-BD6F0D1F0107}"
EndProject
Project("{FAE04EC0-301F-11D3-BF4B-00C04F79EFBC}") = "OrderFlow.IntegrationTests", "tests\OrderFlow.IntegrationTests\OrderFlow.IntegrationTests.csproj", "{26A9E650-2F12-42EC-868E-6C83B1916D94}"
EndProject
Global
	GlobalSection(SolutionConfigurationPlatforms) = preSolution
		Debug|Any CPU = Debug|Any CPU
		Debug|x64 = Debug|x64
		Debug|x86 = Debug|x86
		Release|Any CPU = Release|Any CPU
		Release|x64 = Release|x64
		Release|x86 = Release|x86
	EndGlobalSection
	GlobalSection(ProjectConfigurationPlatforms) = postSolution
		{4C5A4347-9635-46DE-90C6-26D09B78C0F4}.Debug|Any CPU.ActiveCfg = Debug|Any CPU
		{4C5A4347-9635-46DE-90C6-26D09B78C0F4}.Debug|Any CPU.Build.0 = Debug|Any CPU
		{4C5A4347-9635-46DE-90C6-26D09B78C0F4}.Debug|x64.ActiveCfg = Debug|Any CPU
		{4C5A4347-9635-46DE-90C6-26D09B78C0F4}.Debug|x64.Build.0 = Debug|Any CPU
		{4C5A4347-9635-46DE-90C6-26D09B78C0F4}.Debug|x86.ActiveCfg = Debug|Any CPU
		{4C5A4347-9635-46DE-90C6-26D09B78C0F4}.Debug|x86.Build.0 = Debug|Any CPU
		{4C5A4347-9635-46DE-90C6-26D09B78C0F4}.Release|Any CPU.ActiveCfg = Release|Any CPU
		{4C5A4347-9635-46DE-90C6-26D09B78C0F4}.Release|Any CPU.Build.0 = Release|Any CPU
		{4C5A4347-9635-46DE-90C6-26D09B78C0F4}.Release|x64.ActiveCfg = Release|Any CPU
		{4C5A4347-9635-46DE-90C6-26D09B78C0F4}.Release|x64.Build.0 = Release|Any CPU
		{4C5A4347-9635-46DE-90C6-26D09B78C0F4}.Release|x86.ActiveCfg = Release|Any CPU
		{4C5A4347-9635-46DE-90C6-26D09B78C0F4}.Release|x86.Build.0 = Release|Any CPU
		{FC526371-7F19-4277-8768-52F2D4767119}.Debug|Any CPU.ActiveCfg = Debug|Any CPU
		{FC526371-7F19-4277-8768-52F2D4767119}.Debug|Any CPU.Build.0 = Debug|Any CPU
		{FC526371-7F19-4277-8768-52F2D4767119}.Debug|x64.ActiveCfg = Debug|Any CPU
		{FC526371-7F19-4277-8768-52F2D4767119}.Debug|x64.Build.0 = Debug|Any CPU
		{FC526371-7F19-4277-8768-52F2D4767119}.Debug|x86.ActiveCfg = Debug|Any CPU
		{FC526371-7F19-4277-8768-52F2D4767119}.Debug|x86.Build.0 = Debug|Any CPU
		{FC526371-7F19-4277-8768-52F2D4767119}.Release|Any CPU.ActiveCfg = Release|Any CPU
		{FC526371-7F19-4277-8768-52F2D4767119}.Release|Any CPU.Build.0 = Release|Any CPU
		{FC526371-7F19-4277-8768-52F2D4767119}.Release|x64.ActiveCfg = Release|Any CPU
		{FC526371-7F19-4277-8768-52F2D4767119}.Release|x64.Build.0 = Release|Any CPU
		{FC526371-7F19-4277-8768-52F2D4767119}.Release|x86.ActiveCfg = Release|Any CPU
		{FC526371-7F19-4277-8768-52F2D4767119}.Release|x86.Build.0 = Release|Any CPU
		{60D8F2AC-7994-4AA0-B537-AA1860C93E6E}.Debug|Any CPU.ActiveCfg = Debug|Any CPU
		{60D8F2AC-7994-4AA0-B537-AA1860C93E6E}.Debug|Any CPU.Build.0 = Debug|Any CPU
		{60D8F2AC-7994-4AA0-B537-AA1860C93E6E}.Debug|x64.ActiveCfg = Debug|Any CPU
		{60D8F2AC-7994-4AA0-B537-AA1860C93E6E}.Debug|x64.Build.0 = Debug|Any CPU
		{60D8F2AC-7994-4AA0-B537-AA1860C93E6E}.Debug|x86.ActiveCfg = Debug|Any CPU
		{60D8F2AC-7994-4AA0-B537-AA1860C93E6E}.Debug|x86.Build.0 = Debug|Any CPU
		{60D8F2AC-7994-4AA0-B537-AA1860C93E6E}.Release|Any CPU.ActiveCfg = Release|Any CPU
		{60D8F2AC-7994-4AA0-B537-AA1860C93E6E}.Release|Any CPU.Build.0 = Release|Any CPU
		{60D8F2AC-7994-4AA0-B537-AA1860C93E6E}.Release|x64.ActiveCfg = Release|Any CPU
		{60D8F2AC-7994-4AA0-B537-AA1860C93E6E}.Release|x64.Build.0 = Release|Any CPU
		{60D8F2AC-7994-4AA0-B537-AA1860C93E6E}.Release|x86.ActiveCfg = Release|Any CPU
		{60D8F2AC-7994-4AA0-B537-AA1860C93E6E}.Release|x86.Build.0 = Release|Any CPU
		{58ADA260-04E0-400E-B92E-FB3B62108990}.Debug|Any CPU.ActiveCfg = Debug|Any CPU
		{58ADA260-04E0-400E-B92E-FB3B62108990}.Debug|Any CPU.Build.0 = Debug|Any CPU
		{58ADA260-04E0-400E-B92E-FB3B62108990}.Debug|x64.ActiveCfg = Debug|Any CPU
		{58ADA260-04E0-400E-B92E-FB3B62108990}.Debug|x64.Build.0 = Debug|Any CPU
		{58ADA260-04E0-400E-B92E-FB3B62108990}.Debug|x86.ActiveCfg = Debug|Any CPU
		{58ADA260-04E0-400E-B92E-FB3B62108990}.Debug|x86.Build.0 = Debug|Any CPU
		{58ADA260-04E0-400E-B92E-FB3B62108990}.Release|Any CPU.ActiveCfg = Release|Any CPU
		{58ADA260-04E0-400E-B92E-FB3B62108990}.Release|Any CPU.Build.0 = Release|Any CPU
		{58ADA260-04E0-400E-B92E-FB3B62108990}.Release|x64.ActiveCfg = Release|Any CPU
		{58ADA260-04E0-400E-B92E-FB3B62108990}.Release|x64.Build.0 = Release|Any CPU
		{58ADA260-04E0-400E-B92E-FB3B62108990}.Release|x86.ActiveCfg = Release|Any CPU
		{58ADA260-04E0-400E-B92E-FB3B62108990}.Release|x86.Build.0 = Release|Any CPU
		{45FD66AD-A455-4766-BAC4-BD6F0D1F0107}.Debug|Any CPU.ActiveCfg = Debug|Any CPU
		{45FD66AD-A455-4766-BAC4-BD6F0D1F0107}.Debug|Any CPU.Build.0 = Debug|Any CPU
		{45FD66AD-A455-4766-BAC4-BD6F0D1F0107}.Debug|x64.ActiveCfg = Debug|Any CPU
		{45FD66AD-A455-4766-BAC4-BD6F0D1F0107}.Debug|x64.Build.0 = Debug|Any CPU
		{45FD66AD-A455-4766-BAC4-BD6F0D1F0107}.Debug|x86.ActiveCfg = Debug|Any CPU
		{45FD66AD-A455-4766-BAC4-BD6F0D1F0107}.Debug|x86.Build.0 = Debug|Any CPU
		{45FD66AD-A455-4766-BAC4-BD6F0D1F0107}.Release|Any CPU.ActiveCfg = Release|Any CPU
		{45FD66AD-A455-4766-BAC4-BD6F0D1F0107}.Release|Any CPU.Build.0 = Release|Any CPU
		{45FD66AD-A455-4766-BAC4-BD6F0D1F0107}.Release|x64.ActiveCfg = Release|Any CPU
		{45FD66AD-A455-4766-BAC4-BD6F0D1F0107}.Release|x64.Build.0 = Release|Any CPU
		{45FD66AD-A455-4766-BAC4-BD6F0D1F0107}.Release|x86.ActiveCfg = Release|Any CPU
		{45FD66AD-A455-4766-BAC4-BD6F0D1F0107}.Release|x86.Build.0 = Release|Any CPU
		{26A9E650-2F12-42EC-868E-6C83B1916D94}.Debug|Any CPU.ActiveCfg = Debug|Any CPU
		{26A9E650-2F12-42EC-868E-6C83B1916D94}.Debug|Any CPU.Build.0 = Debug|Any CPU
		{26A9E650-2F12-42EC-868E-6C83B1916D94}.Debug|x64.ActiveCfg = Debug|Any CPU
		{26A9E650-2F12-42EC-868E-6C83B1916D94}.Debug|x64.Build.0 = Debug|Any CPU
		{26A9E650-2F12-42EC-868E-6C83B1916D94}.Debug|x86.ActiveCfg = Debug|Any CPU
		{26A9E650-2F12-42EC-868E-6C83B1916D94}.Debug|x86.Build.0 = Debug|Any CPU
		{26A9E650-2F12-42EC-868E-6C83B1916D94}.Release|Any CPU.ActiveCfg = Release|Any CPU
		{26A9E650-2F12-42EC-868E-6C83B1916D94}.Release|Any CPU.Build.0 = Release|Any CPU
		{26A9E650-2F12-42EC-868E-6C83B1916D94}.Release|x64.ActiveCfg = Release|Any CPU
		{26A9E650-2F12-42EC-868E-6C83B1916D94}.Release|x64.Build.0 = Release|Any CPU
		{26A9E650-2F12-42EC-868E-6C83B1916D94}.Release|x86.ActiveCfg = Release|Any CPU
		{26A9E650-2F12-42EC-868E-6C83B1916D94}.Release|x86.Build.0 = Release|Any CPU
	EndGlobalSection
	GlobalSection(SolutionProperties) = preSolution
		HideSolutionNode = FALSE
	EndGlobalSection
	GlobalSection(NestedProjects) = preSolution
		{4C5A4347-9635-46DE-90C6-26D09B78C0F4} = {827E0CD3-B72D-47B6-A68D-7590B98EB39B}
		{FC526371-7F19-4277-8768-52F2D4767119} = {827E0CD3-B72D-47B6-A68D-7590B98EB39B}
		{60D8F2AC-7994-4AA0-B537-AA1860C93E6E} = {827E0CD3-B72D-47B6-A68D-7590B98EB39B}
		{58ADA260-04E0-400E-B92E-FB3B62108990} = {827E0CD3-B72D-47B6-A68D-7590B98EB39B}
		{45FD66AD-A455-4766-BAC4-BD6F0D1F0107} = {0AB3BF05-4346-4AA6-1389-037BE0695223}
		{26A9E650-2F12-42EC-868E-6C83B1916D94} = {0AB3BF05-4346-4AA6-1389-037BE0695223}
	EndGlobalSection
EndGlobal
